
Microsoft Visual Studio Solution File, Format Version 12.00
Project("{FAE04EC0-301F-11D3-BF4B-00C04F79EFBC}") = "Twitch.Net.Communication", "Twitch.Net.Communication\Twitch.Net.Communication.csproj", "{DF7FD4FC-F4E5-4F71-B54B-10DD7353CE93}"
EndProject
Project("{FAE04EC0-301F-11D3-BF4B-00C04F79EFBC}") = "Twitch.Net.Samples", "Twitch.Net.Samples\Twitch.Net.Samples.csproj", "{D128204F-A3E5-4D09-B5DD-013CDAAAEA34}"
EndProject
Project("{FAE04EC0-301F-11D3-BF4B-00C04F79EFBC}") = "Twitch.Net.PubSub", "Twitch.Net.PubSub\Twitch.Net.PubSub.csproj", "{6C5451FE-4AA3-4DC6-9FF3-EB9FF9905F5A}"
EndProject
Project("{FAE04EC0-301F-11D3-BF4B-00C04F79EFBC}") = "Twitch.Net.Api", "Twitch.Net.Api\Twitch.Net.Api.csproj", "{7147D62B-46E8-43AF-9153-F50ECEF0B4F1}"
EndProject
Project("{FAE04EC0-301F-11D3-BF4B-00C04F79EFBC}") = "Twitch.Net.Client", "Twitch.Net.Client\Twitch.Net.Client.csproj", "{B53123FB-B2EA-46E2-AB7C-79A19A0CBEEC}"
EndProject
Project("{FAE04EC0-301F-11D3-BF4B-00C04F79EFBC}") = "Twitch.Net.Shared", "Twitch.Net.Shared\Twitch.Net.Shared.csproj", "{E3A8FBDA-28FB-4C10-9C36-20E6A41E5CF3}"
EndProject
Project("{FAE04EC0-301F-11D3-BF4B-00C04F79EFBC}") = "Twitch.Net.Lib", "Twitch.Net.Lib\Twitch.Net.Lib.csproj", "{1486E70C-4CCA-46CD-A578-F13628B69AAA}"
EndProject
Project("{FAE04EC0-301F-11D3-BF4B-00C04F79EFBC}") = "Twitch.Net.EventSub", "Twitch.Net.EventSub\Twitch.Net.EventSub.csproj", "{E113A7D5-6890-42C0-B3E6-205DD7A88C1F}"
EndProject
Project("{FAE04EC0-301F-11D3-BF4B-00C04F79EFBC}") = "Twitch.Net.Sample.EventSubServer", "Twitch.Net.Sample.EventSubServer\Twitch.Net.Sample.EventSubServer.csproj", "{47B5BAB9-ED67-44C6-8620-CFC2515C0B9E}"
EndProject
Project("{2150E333-8FDC-42A3-9474-1A3956D46DE8}") = "Samples", "Samples", "{DDB0D412-69D7-4C4A-8538-DD68A864334B}"
EndProject
Project("{FAE04EC0-301F-11D3-BF4B-00C04F79EFBC}") = "Twitch.Net.Unit.Tests", "Tests\Twitch.Net.Unit.Tests\Twitch.Net.Unit.Tests.csproj", "{21A5D971-0105-4825-930D-D417A46EEEF4}"
EndProject
Project("{2150E333-8FDC-42A3-9474-1A3956D46DE8}") = "Tests", "Tests", "{C05DD397-588B-4322-8343-B95A2AE33DD1}"
EndProject
Project("{2150E333-8FDC-42A3-9474-1A3956D46DE8}") = "Library", "Library", "{611E031D-4436-4535-BA9C-B279474608A1}"
EndProject
Global
	GlobalSection(SolutionConfigurationPlatforms) = preSolution
		Debug|Any CPU = Debug|Any CPU
		Release|Any CPU = Release|Any CPU
	EndGlobalSection
	GlobalSection(ProjectConfigurationPlatforms) = postSolution
		{DF7FD4FC-F4E5-4F71-B54B-10DD7353CE93}.Debug|Any CPU.ActiveCfg = Debug|Any CPU
		{DF7FD4FC-F4E5-4F71-B54B-10DD7353CE93}.Debug|Any CPU.Build.0 = Debug|Any CPU
		{DF7FD4FC-F4E5-4F71-B54B-10DD7353CE93}.Release|Any CPU.ActiveCfg = Release|Any CPU
		{DF7FD4FC-F4E5-4F71-B54B-10DD7353CE93}.Release|Any CPU.Build.0 = Release|Any CPU
		{D128204F-A3E5-4D09-B5DD-013CDAAAEA34}.Debug|Any CPU.ActiveCfg = Debug|Any CPU
		{D128204F-A3E5-4D09-B5DD-013CDAAAEA34}.Debug|Any CPU.Build.0 = Debug|Any CPU
		{D128204F-A3E5-4D09-B5DD-013CDAAAEA34}.Release|Any CPU.ActiveCfg = Release|Any CPU
		{6C5451FE-4AA3-4DC6-9FF3-EB9FF9905F5A}.Debug|Any CPU.ActiveCfg = Debug|Any CPU
		{6C5451FE-4AA3-4DC6-9FF3-EB9FF9905F5A}.Debug|Any CPU.Build.0 = Debug|Any CPU
		{6C5451FE-4AA3-4DC6-9FF3-EB9FF9905F5A}.Release|Any CPU.ActiveCfg = Release|Any CPU
		{6C5451FE-4AA3-4DC6-9FF3-EB9FF9905F5A}.Release|Any CPU.Build.0 = Release|Any CPU
		{7147D62B-46E8-43AF-9153-F50ECEF0B4F1}.Debug|Any CPU.ActiveCfg = Debug|Any CPU
		{7147D62B-46E8-43AF-9153-F50ECEF0B4F1}.Debug|Any CPU.Build.0 = Debug|Any CPU
		{7147D62B-46E8-43AF-9153-F50ECEF0B4F1}.Release|Any CPU.ActiveCfg = Release|Any CPU
		{7147D62B-46E8-43AF-9153-F50ECEF0B4F1}.Release|Any CPU.Build.0 = Release|Any CPU
		{B53123FB-B2EA-46E2-AB7C-79A19A0CBEEC}.Debug|Any CPU.ActiveCfg = Debug|Any CPU
		{B53123FB-B2EA-46E2-AB7C-79A19A0CBEEC}.Debug|Any CPU.Build.0 = Debug|Any CPU
		{B53123FB-B2EA-46E2-AB7C-79A19A0CBEEC}.Release|Any CPU.ActiveCfg = Release|Any CPU
		{B53123FB-B2EA-46E2-AB7C-79A19A0CBEEC}.Release|Any CPU.Build.0 = Release|Any CPU
		{E3A8FBDA-28FB-4C10-9C36-20E6A41E5CF3}.Debug|Any CPU.ActiveCfg = Debug|Any CPU
		{E3A8FBDA-28FB-4C10-9C36-20E6A41E5CF3}.Debug|Any CPU.Build.0 = Debug|Any CPU
		{E3A8FBDA-28FB-4C10-9C36-20E6A41E5CF3}.Release|Any CPU.ActiveCfg = Release|Any CPU
		{E3A8FBDA-28FB-4C10-9C36-20E6A41E5CF3}.Release|Any CPU.Build.0 = Release|Any CPU
		{1486E70C-4CCA-46CD-A578-F13628B69AAA}.Debug|Any CPU.ActiveCfg = Debug|Any CPU
		{1486E70C-4CCA-46CD-A578-F13628B69AAA}.Debug|Any CPU.Build.0 = Debug|Any CPU
		{1486E70C-4CCA-46CD-A578-F13628B69AAA}.Release|Any CPU.ActiveCfg = Release|Any CPU
		{1486E70C-4CCA-46CD-A578-F13628B69AAA}.Release|Any CPU.Build.0 = Release|Any CPU
		{E113A7D5-6890-42C0-B3E6-205DD7A88C1F}.Debug|Any CPU.ActiveCfg = Debug|Any CPU
		{E113A7D5-6890-42C0-B3E6-205DD7A88C1F}.Debug|Any CPU.Build.0 = Debug|Any CPU
		{E113A7D5-6890-42C0-B3E6-205DD7A88C1F}.Release|Any CPU.ActiveCfg = Release|Any CPU
		{E113A7D5-6890-42C0-B3E6-205DD7A88C1F}.Release|Any CPU.Build.0 = Release|Any CPU
		{47B5BAB9-ED67-44C6-8620-CFC2515C0B9E}.Debug|Any CPU.ActiveCfg = Debug|Any CPU
		{47B5BAB9-ED67-44C6-8620-CFC2515C0B9E}.Debug|Any CPU.Build.0 = Debug|Any CPU
		{47B5BAB9-ED67-44C6-8620-CFC2515C0B9E}.Release|Any CPU.ActiveCfg = Release|Any CPU
		{47B5BAB9-ED67-44C6-8620-CFC2515C0B9E}.Release|Any CPU.Build.0 = Release|Any CPU
		{21A5D971-0105-4825-930D-D417A46EEEF4}.Debug|Any CPU.ActiveCfg = Debug|Any CPU
		{21A5D971-0105-4825-930D-D417A46EEEF4}.Debug|Any CPU.Build.0 = Debug|Any CPU
		{21A5D971-0105-4825-930D-D417A46EEEF4}.Release|Any CPU.ActiveCfg = Release|Any CPU
		{21A5D971-0105-4825-930D-D417A46EEEF4}.Release|Any CPU.Build.0 = Release|Any CPU
	EndGlobalSection
	GlobalSection(NestedProjects) = preSolution
		{47B5BAB9-ED67-44C6-8620-CFC2515C0B9E} = {DDB0D412-69D7-4C4A-8538-DD68A864334B}
		{D128204F-A3E5-4D09-B5DD-013CDAAAEA34} = {DDB0D412-69D7-4C4A-8538-DD68A864334B}
		{21A5D971-0105-4825-930D-D417A46EEEF4} = {C05DD397-588B-4322-8343-B95A2AE33DD1}
		{7147D62B-46E8-43AF-9153-F50ECEF0B4F1} = {611E031D-4436-4535-BA9C-B279474608A1}
		{B53123FB-B2EA-46E2-AB7C-79A19A0CBEEC} = {611E031D-4436-4535-BA9C-B279474608A1}
		{DF7FD4FC-F4E5-4F71-B54B-10DD7353CE93} = {611E031D-4436-4535-BA9C-B279474608A1}
		{E113A7D5-6890-42C0-B3E6-205DD7A88C1F} = {611E031D-4436-4535-BA9C-B279474608A1}
		{1486E70C-4CCA-46CD-A578-F13628B69AAA} = {611E031D-4436-4535-BA9C-B279474608A1}
		{6C5451FE-4AA3-4DC6-9FF3-EB9FF9905F5A} = {611E031D-4436-4535-BA9C-B279474608A1}
		{E3A8FBDA-28FB-4C10-9C36-20E6A41E5CF3} = {611E031D-4436-4535-BA9C-B279474608A1}
	EndGlobalSection
EndGlobal
